
Microsoft Visual Studio Solution File, Format Version 12.00
# Visual Studio 15
VisualStudioVersion = 15.0.27703.2026
MinimumVisualStudioVersion = 10.0.40219.1
Project("{9A19103F-16F7-4668-BE54-9A1E7A4F7556}") = "POC.BLL", "POC.BLL\POC.BLL.csproj", "{1F24B156-77A1-457A-91AA-CC1C8ECC1484}"
EndProject
Project("{9A19103F-16F7-4668-BE54-9A1E7A4F7556}") = "POC.DAL", "POC.DAL\POC.DAL.csproj", "{2E0A9DB2-9BAF-4B05-9963-F8E2A58CCF5A}"
EndProject
Project("{2150E333-8FDC-42A3-9474-1A3956D46DE8}") = "UI", "UI", "{B202F583-7AD5-41F7-9859-CE5AAB4C7776}"
EndProject
Project("{2150E333-8FDC-42A3-9474-1A3956D46DE8}") = "UTest", "UTest", "{6A9F7CF4-7B28-4820-91DC-F5FE6A8E88C6}"
EndProject
Project("{9A19103F-16F7-4668-BE54-9A1E7A4F7556}") = "UnitTestPOC", "UnitTestPOC\UnitTestPOC.csproj", "{2A47E2E6-37E6-4DE0-8022-1C8E6366044C}"
EndProject
Project("{2150E333-8FDC-42A3-9474-1A3956D46DE8}") = "FRWKChallenge", "FRWKChallenge", "{712B72A1-6203-4ED0-9DA0-B180D6D4421C}"
EndProject
Project("{9A19103F-16F7-4668-BE54-9A1E7A4F7556}") = "ConsoleApp.FRWK", "ConsoleApp.FRWK\ConsoleApp.FRWK.csproj", "{35361FCB-AC01-477C-88FD-75B9D02333D4}"
EndProject
Project("{9A19103F-16F7-4668-BE54-9A1E7A4F7556}") = "Domain", "Domain\Domain.csproj", "{26D36753-ACA7-4AC3-8240-56271A1FCE2A}"
EndProject
Project("{9A19103F-16F7-4668-BE54-9A1E7A4F7556}") = "Utilities", "Utilities\Utilities.csproj", "{4038B221-4A71-4677-B9E7-DFF1A3CBD425}"
EndProject
Project("{FAE04EC0-301F-11D3-BF4B-00C04F79EFBC}") = "Api.FRWK", "Api.FRWK\Api.FRWK.csproj", "{5B632C98-F59B-4E27-AED8-A3391027DA8C}"
EndProject
Global
	GlobalSection(SolutionConfigurationPlatforms) = preSolution
		Debug|Any CPU = Debug|Any CPU
		Release|Any CPU = Release|Any CPU
	EndGlobalSection
	GlobalSection(ProjectConfigurationPlatforms) = postSolution
		{1F24B156-77A1-457A-91AA-CC1C8ECC1484}.Debug|Any CPU.ActiveCfg = Debug|Any CPU
		{1F24B156-77A1-457A-91AA-CC1C8ECC1484}.Debug|Any CPU.Build.0 = Debug|Any CPU
		{1F24B156-77A1-457A-91AA-CC1C8ECC1484}.Release|Any CPU.ActiveCfg = Release|Any CPU
		{1F24B156-77A1-457A-91AA-CC1C8ECC1484}.Release|Any CPU.Build.0 = Release|Any CPU
		{2E0A9DB2-9BAF-4B05-9963-F8E2A58CCF5A}.Debug|Any CPU.ActiveCfg = Debug|Any CPU
		{2E0A9DB2-9BAF-4B05-9963-F8E2A58CCF5A}.Debug|Any CPU.Build.0 = Debug|Any CPU
		{2E0A9DB2-9BAF-4B05-9963-F8E2A58CCF5A}.Release|Any CPU.ActiveCfg = Release|Any CPU
		{2E0A9DB2-9BAF-4B05-9963-F8E2A58CCF5A}.Release|Any CPU.Build.0 = Release|Any CPU
		{2A47E2E6-37E6-4DE0-8022-1C8E6366044C}.Debug|Any CPU.ActiveCfg = Debug|Any CPU
		{2A47E2E6-37E6-4DE0-8022-1C8E6366044C}.Debug|Any CPU.Build.0 = Debug|Any CPU
		{2A47E2E6-37E6-4DE0-8022-1C8E6366044C}.Release|Any CPU.ActiveCfg = Release|Any CPU
		{2A47E2E6-37E6-4DE0-8022-1C8E6366044C}.Release|Any CPU.Build.0 = Release|Any CPU
		{35361FCB-AC01-477C-88FD-75B9D02333D4}.Debug|Any CPU.ActiveCfg = Debug|Any CPU
		{35361FCB-AC01-477C-88FD-75B9D02333D4}.Debug|Any CPU.Build.0 = Debug|Any CPU
		{35361FCB-AC01-477C-88FD-75B9D02333D4}.Release|Any CPU.ActiveCfg = Release|Any CPU
		{35361FCB-AC01-477C-88FD-75B9D02333D4}.Release|Any CPU.Build.0 = Release|Any CPU
		{26D36753-ACA7-4AC3-8240-56271A1FCE2A}.Debug|Any CPU.ActiveCfg = Debug|Any CPU
		{26D36753-ACA7-4AC3-8240-56271A1FCE2A}.Debug|Any CPU.Build.0 = Debug|Any CPU
		{26D36753-ACA7-4AC3-8240-56271A1FCE2A}.Release|Any CPU.ActiveCfg = Release|Any CPU
		{26D36753-ACA7-4AC3-8240-56271A1FCE2A}.Release|Any CPU.Build.0 = Release|Any CPU
		{4038B221-4A71-4677-B9E7-DFF1A3CBD425}.Debug|Any CPU.ActiveCfg = Debug|Any CPU
		{4038B221-4A71-4677-B9E7-DFF1A3CBD425}.Debug|Any CPU.Build.0 = Debug|Any CPU
		{4038B221-4A71-4677-B9E7-DFF1A3CBD425}.Release|Any CPU.ActiveCfg = Release|Any CPU
		{4038B221-4A71-4677-B9E7-DFF1A3CBD425}.Release|Any CPU.Build.0 = Release|Any CPU
		{5B632C98-F59B-4E27-AED8-A3391027DA8C}.Debug|Any CPU.ActiveCfg = Debug|Any CPU
		{5B632C98-F59B-4E27-AED8-A3391027DA8C}.Debug|Any CPU.Build.0 = Debug|Any CPU
		{5B632C98-F59B-4E27-AED8-A3391027DA8C}.Release|Any CPU.ActiveCfg = Release|Any CPU
		{5B632C98-F59B-4E27-AED8-A3391027DA8C}.Release|Any CPU.Build.0 = Release|Any CPU
	EndGlobalSection
	GlobalSection(SolutionProperties) = preSolution
		HideSolutionNode = FALSE
	EndGlobalSection
	GlobalSection(NestedProjects) = preSolution
		{2A47E2E6-37E6-4DE0-8022-1C8E6366044C} = {6A9F7CF4-7B28-4820-91DC-F5FE6A8E88C6}
		{712B72A1-6203-4ED0-9DA0-B180D6D4421C} = {B202F583-7AD5-41F7-9859-CE5AAB4C7776}
		{35361FCB-AC01-477C-88FD-75B9D02333D4} = {712B72A1-6203-4ED0-9DA0-B180D6D4421C}
		{5B632C98-F59B-4E27-AED8-A3391027DA8C} = {712B72A1-6203-4ED0-9DA0-B180D6D4421C}
	EndGlobalSection
	GlobalSection(ExtensibilityGlobals) = postSolution
		SolutionGuid = {1ACA3BF9-E6FC-4FA7-A18A-FED25FDA8491}
	EndGlobalSection
EndGlobal
